// !$*UTF8*$!
{
	archiveVersion = 1;
	classes = {
	};
	objectVersion = 50;
	objects = {

/* Begin PBXBuildFile section */
		2209F1A422123F4700A9BFC7 /* MovieDetailsViewController.swift in Sources */ = {isa = PBXBuildFile; fileRef = 2209F1A322123F4700A9BFC7 /* MovieDetailsViewController.swift */; };
		2285D1AE21FFC957005E7AED /* AppDelegate.swift in Sources */ = {isa = PBXBuildFile; fileRef = 2285D1AD21FFC957005E7AED /* AppDelegate.swift */; };
		2285D1B321FFC957005E7AED /* Main.storyboard in Resources */ = {isa = PBXBuildFile; fileRef = 2285D1B121FFC957005E7AED /* Main.storyboard */; };
		2285D1B521FFC95A005E7AED /* Assets.xcassets in Resources */ = {isa = PBXBuildFile; fileRef = 2285D1B421FFC95A005E7AED /* Assets.xcassets */; };
		2285D1B821FFC95A005E7AED /* LaunchScreen.storyboard in Resources */ = {isa = PBXBuildFile; fileRef = 2285D1B621FFC95A005E7AED /* LaunchScreen.storyboard */; };
		2285D1C321FFC95A005E7AED /* FlixTests.swift in Sources */ = {isa = PBXBuildFile; fileRef = 2285D1C221FFC95A005E7AED /* FlixTests.swift */; };
		2285D1CE21FFC95A005E7AED /* FlixUITests.swift in Sources */ = {isa = PBXBuildFile; fileRef = 2285D1CD21FFC95A005E7AED /* FlixUITests.swift */; };
		22A1987C21FFCE8600F28C60 /* MoviesViewController.swift in Sources */ = {isa = PBXBuildFile; fileRef = 22A1987B21FFCE8600F28C60 /* MoviesViewController.swift */; };
		22C4AD6E2201057D00109076 /* MovieCell.swift in Sources */ = {isa = PBXBuildFile; fileRef = 22C4AD6D2201057D00109076 /* MovieCell.swift */; };
		22C50903221A4086005D6931 /* MovieGridViewController.swift in Sources */ = {isa = PBXBuildFile; fileRef = 22C50902221A4086005D6931 /* MovieGridViewController.swift */; };
		22C50905221A458B005D6931 /* MovieGridCell.swift in Sources */ = {isa = PBXBuildFile; fileRef = 22C50904221A458B005D6931 /* MovieGridCell.swift */; };
		640EF9FDE70DC7A5EC3ECABB /* Pods_FlixTests.framework in Frameworks */ = {isa = PBXBuildFile; fileRef = 7B297BEFBEEBA2DD66107E9C /* Pods_FlixTests.framework */; };
		7BBD5342B5D0F76B99572C9B /* Pods_FlixUITests.framework in Frameworks */ = {isa = PBXBuildFile; fileRef = CA070B7D454141B36FDF9F34 /* Pods_FlixUITests.framework */; };
		B6614868AB02EB554D0AB74B /* Pods_Flix.framework in Frameworks */ = {isa = PBXBuildFile; fileRef = 730B4DC3FEB7D3950F6D1270 /* Pods_Flix.framework */; };
/* End PBXBuildFile section */

/* Begin PBXContainerItemProxy section */
		2285D1BF21FFC95A005E7AED /* PBXContainerItemProxy */ = {
			isa = PBXContainerItemProxy;
			containerPortal = 2285D1A221FFC957005E7AED /* Project object */;
			proxyType = 1;
			remoteGlobalIDString = 2285D1A921FFC957005E7AED;
			remoteInfo = Flix;
		};
		2285D1CA21FFC95A005E7AED /* PBXContainerItemProxy */ = {
			isa = PBXContainerItemProxy;
			containerPortal = 2285D1A221FFC957005E7AED /* Project object */;
			proxyType = 1;
			remoteGlobalIDString = 2285D1A921FFC957005E7AED;
			remoteInfo = Flix;
		};
/* End PBXContainerItemProxy section */

/* Begin PBXFileReference section */
		2209F1A322123F4700A9BFC7 /* MovieDetailsViewController.swift */ = {isa = PBXFileReference; lastKnownFileType = sourcecode.swift; path = MovieDetailsViewController.swift; sourceTree = "<group>"; };
		2285D1AA21FFC957005E7AED /* Flix.app */ = {isa = PBXFileReference; explicitFileType = wrapper.application; includeInIndex = 0; path = Flix.app; sourceTree = BUILT_PRODUCTS_DIR; };
		2285D1AD21FFC957005E7AED /* AppDelegate.swift */ = {isa = PBXFileReference; lastKnownFileType = sourcecode.swift; path = AppDelegate.swift; sourceTree = "<group>"; };
		2285D1B221FFC957005E7AED /* Base */ = {isa = PBXFileReference; lastKnownFileType = file.storyboard; name = Base; path = Base.lproj/Main.storyboard; sourceTree = "<group>"; };
		2285D1B421FFC95A005E7AED /* Assets.xcassets */ = {isa = PBXFileReference; lastKnownFileType = folder.assetcatalog; path = Assets.xcassets; sourceTree = "<group>"; };
		2285D1B721FFC95A005E7AED /* Base */ = {isa = PBXFileReference; lastKnownFileType = file.storyboard; name = Base; path = Base.lproj/LaunchScreen.storyboard; sourceTree = "<group>"; };
		2285D1B921FFC95A005E7AED /* Info.plist */ = {isa = PBXFileReference; lastKnownFileType = text.plist.xml; path = Info.plist; sourceTree = "<group>"; };
		2285D1BE21FFC95A005E7AED /* FlixTests.xctest */ = {isa = PBXFileReference; explicitFileType = wrapper.cfbundle; includeInIndex = 0; path = FlixTests.xctest; sourceTree = BUILT_PRODUCTS_DIR; };
		2285D1C221FFC95A005E7AED /* FlixTests.swift */ = {isa = PBXFileReference; lastKnownFileType = sourcecode.swift; path = FlixTests.swift; sourceTree = "<group>"; };
		2285D1C421FFC95A005E7AED /* Info.plist */ = {isa = PBXFileReference; lastKnownFileType = text.plist.xml; path = Info.plist; sourceTree = "<group>"; };
		2285D1C921FFC95A005E7AED /* FlixUITests.xctest */ = {isa = PBXFileReference; explicitFileType = wrapper.cfbundle; includeInIndex = 0; path = FlixUITests.xctest; sourceTree = BUILT_PRODUCTS_DIR; };
		2285D1CD21FFC95A005E7AED /* FlixUITests.swift */ = {isa = PBXFileReference; lastKnownFileType = sourcecode.swift; path = FlixUITests.swift; sourceTree = "<group>"; };
		2285D1CF21FFC95A005E7AED /* Info.plist */ = {isa = PBXFileReference; lastKnownFileType = text.plist.xml; path = Info.plist; sourceTree = "<group>"; };
		22A1987B21FFCE8600F28C60 /* MoviesViewController.swift */ = {isa = PBXFileReference; lastKnownFileType = sourcecode.swift; path = MoviesViewController.swift; sourceTree = "<group>"; };
		22C4AD6D2201057D00109076 /* MovieCell.swift */ = {isa = PBXFileReference; lastKnownFileType = sourcecode.swift; path = MovieCell.swift; sourceTree = "<group>"; };
		22C50902221A4086005D6931 /* MovieGridViewController.swift */ = {isa = PBXFileReference; lastKnownFileType = sourcecode.swift; path = MovieGridViewController.swift; sourceTree = "<group>"; };
		22C50904221A458B005D6931 /* MovieGridCell.swift */ = {isa = PBXFileReference; lastKnownFileType = sourcecode.swift; path = MovieGridCell.swift; sourceTree = "<group>"; };
		38F2CE47115294817C5EAD63 /* Pods-FlixUITests.release.xcconfig */ = {isa = PBXFileReference; includeInIndex = 1; lastKnownFileType = text.xcconfig; name = "Pods-FlixUITests.release.xcconfig"; path = "Pods/Target Support Files/Pods-FlixUITests/Pods-FlixUITests.release.xcconfig"; sourceTree = "<group>"; };
		5BC902EEDE66C82833E6C0B1 /* Pods-FlixTests.debug.xcconfig */ = {isa = PBXFileReference; includeInIndex = 1; lastKnownFileType = text.xcconfig; name = "Pods-FlixTests.debug.xcconfig"; path = "Pods/Target Support Files/Pods-FlixTests/Pods-FlixTests.debug.xcconfig"; sourceTree = "<group>"; };
		5F34F730B4B3B675CD2CC07A /* Pods-Flix.release.xcconfig */ = {isa = PBXFileReference; includeInIndex = 1; lastKnownFileType = text.xcconfig; name = "Pods-Flix.release.xcconfig"; path = "Pods/Target Support Files/Pods-Flix/Pods-Flix.release.xcconfig"; sourceTree = "<group>"; };
		640BE5888E8AC5243D88A84D /* Pods-FlixUITests.debug.xcconfig */ = {isa = PBXFileReference; includeInIndex = 1; lastKnownFileType = text.xcconfig; name = "Pods-FlixUITests.debug.xcconfig"; path = "Pods/Target Support Files/Pods-FlixUITests/Pods-FlixUITests.debug.xcconfig"; sourceTree = "<group>"; };
		730B4DC3FEB7D3950F6D1270 /* Pods_Flix.framework */ = {isa = PBXFileReference; explicitFileType = wrapper.framework; includeInIndex = 0; path = Pods_Flix.framework; sourceTree = BUILT_PRODUCTS_DIR; };
		7B297BEFBEEBA2DD66107E9C /* Pods_FlixTests.framework */ = {isa = PBXFileReference; explicitFileType = wrapper.framework; includeInIndex = 0; path = Pods_FlixTests.framework; sourceTree = BUILT_PRODUCTS_DIR; };
		C3A99C94D4D1D855325FCE9E /* Pods-FlixTests.release.xcconfig */ = {isa = PBXFileReference; includeInIndex = 1; lastKnownFileType = text.xcconfig; name = "Pods-FlixTests.release.xcconfig"; path = "Pods/Target Support Files/Pods-FlixTests/Pods-FlixTests.release.xcconfig"; sourceTree = "<group>"; };
		CA070B7D454141B36FDF9F34 /* Pods_FlixUITests.framework */ = {isa = PBXFileReference; explicitFileType = wrapper.framework; includeInIndex = 0; path = Pods_FlixUITests.framework; sourceTree = BUILT_PRODUCTS_DIR; };
		F604C8C9DE660B0045B8776F /* Pods-Flix.debug.xcconfig */ = {isa = PBXFileReference; includeInIndex = 1; lastKnownFileType = text.xcconfig; name = "Pods-Flix.debug.xcconfig"; path = "Pods/Target Support Files/Pods-Flix/Pods-Flix.debug.xcconfig"; sourceTree = "<group>"; };
/* End PBXFileReference section */

/* Begin PBXFrameworksBuildPhase section */
		2285D1A721FFC957005E7AED /* Frameworks */ = {
			isa = PBXFrameworksBuildPhase;
			buildActionMask = 2147483647;
			files = (
				B6614868AB02EB554D0AB74B /* Pods_Flix.framework in Frameworks */,
			);
			runOnlyForDeploymentPostprocessing = 0;
		};
		2285D1BB21FFC95A005E7AED /* Frameworks */ = {
			isa = PBXFrameworksBuildPhase;
			buildActionMask = 2147483647;
			files = (
				640EF9FDE70DC7A5EC3ECABB /* Pods_FlixTests.framework in Frameworks */,
			);
			runOnlyForDeploymentPostprocessing = 0;
		};
		2285D1C621FFC95A005E7AED /* Frameworks */ = {
			isa = PBXFrameworksBuildPhase;
			buildActionMask = 2147483647;
			files = (
				7BBD5342B5D0F76B99572C9B /* Pods_FlixUITests.framework in Frameworks */,
			);
			runOnlyForDeploymentPostprocessing = 0;
		};
/* End PBXFrameworksBuildPhase section */

/* Begin PBXGroup section */
		2285D1A121FFC957005E7AED = {
			isa = PBXGroup;
			children = (
				2285D1AC21FFC957005E7AED /* Flix */,
				2285D1C121FFC95A005E7AED /* FlixTests */,
				2285D1CC21FFC95A005E7AED /* FlixUITests */,
				2285D1AB21FFC957005E7AED /* Products */,
				B8AEA3B30F5839E778201C7A /* Pods */,
				A8CCEFCEE0EF07396A72185F /* Frameworks */,
			);
			sourceTree = "<group>";
		};
		2285D1AB21FFC957005E7AED /* Products */ = {
			isa = PBXGroup;
			children = (
				2285D1AA21FFC957005E7AED /* Flix.app */,
				2285D1BE21FFC95A005E7AED /* FlixTests.xctest */,
				2285D1C921FFC95A005E7AED /* FlixUITests.xctest */,
			);
			name = Products;
			sourceTree = "<group>";
		};
		2285D1AC21FFC957005E7AED /* Flix */ = {
			isa = PBXGroup;
			children = (
				2285D1AD21FFC957005E7AED /* AppDelegate.swift */,
				2285D1B121FFC957005E7AED /* Main.storyboard */,
				22C4AD6D2201057D00109076 /* MovieCell.swift */,
				2285D1B421FFC95A005E7AED /* Assets.xcassets */,
				2285D1B621FFC95A005E7AED /* LaunchScreen.storyboard */,
				2285D1B921FFC95A005E7AED /* Info.plist */,
				22A1987B21FFCE8600F28C60 /* MoviesViewController.swift */,
				2209F1A322123F4700A9BFC7 /* MovieDetailsViewController.swift */,
				22C50902221A4086005D6931 /* MovieGridViewController.swift */,
				22C50904221A458B005D6931 /* MovieGridCell.swift */,
			);
			path = Flix;
			sourceTree = "<group>";
		};
		2285D1C121FFC95A005E7AED /* FlixTests */ = {
			isa = PBXGroup;
			children = (
				2285D1C221FFC95A005E7AED /* FlixTests.swift */,
				2285D1C421FFC95A005E7AED /* Info.plist */,
			);
			path = FlixTests;
			sourceTree = "<group>";
		};
		2285D1CC21FFC95A005E7AED /* FlixUITests */ = {
			isa = PBXGroup;
			children = (
				2285D1CD21FFC95A005E7AED /* FlixUITests.swift */,
				2285D1CF21FFC95A005E7AED /* Info.plist */,
			);
			path = FlixUITests;
			sourceTree = "<group>";
		};
		A8CCEFCEE0EF07396A72185F /* Frameworks */ = {
			isa = PBXGroup;
			children = (
				730B4DC3FEB7D3950F6D1270 /* Pods_Flix.framework */,
				7B297BEFBEEBA2DD66107E9C /* Pods_FlixTests.framework */,
				CA070B7D454141B36FDF9F34 /* Pods_FlixUITests.framework */,
			);
			name = Frameworks;
			sourceTree = "<group>";
		};
		B8AEA3B30F5839E778201C7A /* Pods */ = {
			isa = PBXGroup;
			children = (
				F604C8C9DE660B0045B8776F /* Pods-Flix.debug.xcconfig */,
				5F34F730B4B3B675CD2CC07A /* Pods-Flix.release.xcconfig */,
				5BC902EEDE66C82833E6C0B1 /* Pods-FlixTests.debug.xcconfig */,
				C3A99C94D4D1D855325FCE9E /* Pods-FlixTests.release.xcconfig */,
				640BE5888E8AC5243D88A84D /* Pods-FlixUITests.debug.xcconfig */,
				38F2CE47115294817C5EAD63 /* Pods-FlixUITests.release.xcconfig */,
			);
			name = Pods;
			sourceTree = "<group>";
		};
/* End PBXGroup section */

/* Begin PBXNativeTarget section */
		2285D1A921FFC957005E7AED /* Flix */ = {
			isa = PBXNativeTarget;
			buildConfigurationList = 2285D1D221FFC95A005E7AED /* Build configuration list for PBXNativeTarget "Flix" */;
			buildPhases = (
				AC2F61FB409BAC478F5F1F46 /* [CP] Check Pods Manifest.lock */,
				2285D1A621FFC957005E7AED /* Sources */,
				2285D1A721FFC957005E7AED /* Frameworks */,
				2285D1A821FFC957005E7AED /* Resources */,
				CFE4B6DA6D2887303B603B25 /* [CP] Embed Pods Frameworks */,
			);
			buildRules = (
			);
			dependencies = (
			);
			name = Flix;
			productName = Flix;
			productReference = 2285D1AA21FFC957005E7AED /* Flix.app */;
			productType = "com.apple.product-type.application";
		};
		2285D1BD21FFC95A005E7AED /* FlixTests */ = {
			isa = PBXNativeTarget;
			buildConfigurationList = 2285D1D521FFC95A005E7AED /* Build configuration list for PBXNativeTarget "FlixTests" */;
			buildPhases = (
				1034A9A91081E3A3050FCCD4 /* [CP] Check Pods Manifest.lock */,
				2285D1BA21FFC95A005E7AED /* Sources */,
				2285D1BB21FFC95A005E7AED /* Frameworks */,
				2285D1BC21FFC95A005E7AED /* Resources */,
			);
			buildRules = (
			);
			dependencies = (
				2285D1C021FFC95A005E7AED /* PBXTargetDependency */,
			);
			name = FlixTests;
			productName = FlixTests;
			productReference = 2285D1BE21FFC95A005E7AED /* FlixTests.xctest */;
			productType = "com.apple.product-type.bundle.unit-test";
		};
		2285D1C821FFC95A005E7AED /* FlixUITests */ = {
			isa = PBXNativeTarget;
			buildConfigurationList = 2285D1D821FFC95A005E7AED /* Build configuration list for PBXNativeTarget "FlixUITests" */;
			buildPhases = (
				E977DCE5821CC630A4EEE910 /* [CP] Check Pods Manifest.lock */,
				2285D1C521FFC95A005E7AED /* Sources */,
				2285D1C621FFC95A005E7AED /* Frameworks */,
				2285D1C721FFC95A005E7AED /* Resources */,
			);
			buildRules = (
			);
			dependencies = (
				2285D1CB21FFC95A005E7AED /* PBXTargetDependency */,
			);
			name = FlixUITests;
			productName = FlixUITests;
			productReference = 2285D1C921FFC95A005E7AED /* FlixUITests.xctest */;
			productType = "com.apple.product-type.bundle.ui-testing";
		};
/* End PBXNativeTarget section */

/* Begin PBXProject section */
		2285D1A221FFC957005E7AED /* Project object */ = {
			isa = PBXProject;
			attributes = {
				LastSwiftUpdateCheck = 1010;
				LastUpgradeCheck = 1010;
				ORGANIZATIONNAME = "Hailey Cassidy";
				TargetAttributes = {
					2285D1A921FFC957005E7AED = {
						CreatedOnToolsVersion = 10.1;
					};
					2285D1BD21FFC95A005E7AED = {
						CreatedOnToolsVersion = 10.1;
						TestTargetID = 2285D1A921FFC957005E7AED;
					};
					2285D1C821FFC95A005E7AED = {
						CreatedOnToolsVersion = 10.1;
						TestTargetID = 2285D1A921FFC957005E7AED;
					};
				};
			};
			buildConfigurationList = 2285D1A521FFC957005E7AED /* Build configuration list for PBXProject "Flix" */;
			compatibilityVersion = "Xcode 9.3";
			developmentRegion = en;
			hasScannedForEncodings = 0;
			knownRegions = (
				en,
				Base,
			);
			mainGroup = 2285D1A121FFC957005E7AED;
			productRefGroup = 2285D1AB21FFC957005E7AED /* Products */;
			projectDirPath = "";
			projectRoot = "";
			targets = (
				2285D1A921FFC957005E7AED /* Flix */,
				2285D1BD21FFC95A005E7AED /* FlixTests */,
				2285D1C821FFC95A005E7AED /* FlixUITests */,
			);
		};
/* End PBXProject section */

/* Begin PBXResourcesBuildPhase section */
		2285D1A821FFC957005E7AED /* Resources */ = {
			isa = PBXResourcesBuildPhase;
			buildActionMask = 2147483647;
			files = (
				2285D1B821FFC95A005E7AED /* LaunchScreen.storyboard in Resources */,
				2285D1B521FFC95A005E7AED /* Assets.xcassets in Resources */,
				2285D1B321FFC957005E7AED /* Main.storyboard in Resources */,
			);
			runOnlyForDeploymentPostprocessing = 0;
		};
		2285D1BC21FFC95A005E7AED /* Resources */ = {
			isa = PBXResourcesBuildPhase;
			buildActionMask = 2147483647;
			files = (
			);
			runOnlyForDeploymentPostprocessing = 0;
		};
		2285D1C721FFC95A005E7AED /* Resources */ = {
			isa = PBXResourcesBuildPhase;
			buildActionMask = 2147483647;
			files = (
			);
			runOnlyForDeploymentPostprocessing = 0;
		};
/* End PBXResourcesBuildPhase section */

/* Begin PBXShellScriptBuildPhase section */
		1034A9A91081E3A3050FCCD4 /* [CP] Check Pods Manifest.lock */ = {
			isa = PBXShellScriptBuildPhase;
			buildActionMask = 2147483647;
			files = (
			);
			inputFileListPaths = (
			);
			inputPaths = (
				"${PODS_PODFILE_DIR_PATH}/Podfile.lock",
				"${PODS_ROOT}/Manifest.lock",
			);
			name = "[CP] Check Pods Manifest.lock";
			outputFileListPaths = (
			);
			outputPaths = (
				"$(DERIVED_FILE_DIR)/Pods-FlixTests-checkManifestLockResult.txt",
			);
			runOnlyForDeploymentPostprocessing = 0;
			shellPath = /bin/sh;
			shellScript = "diff \"${PODS_PODFILE_DIR_PATH}/Podfile.lock\" \"${PODS_ROOT}/Manifest.lock\" > /dev/null\nif [ $? != 0 ] ; then\n    # print error to STDERR\n    echo \"error: The sandbox is not in sync with the Podfile.lock. Run 'pod install' or update your CocoaPods installation.\" >&2\n    exit 1\nfi\n# This output is used by Xcode 'outputs' to avoid re-running this script phase.\necho \"SUCCESS\" > \"${SCRIPT_OUTPUT_FILE_0}\"\n";
			showEnvVarsInLog = 0;
		};
		AC2F61FB409BAC478F5F1F46 /* [CP] Check Pods Manifest.lock */ = {
			isa = PBXShellScriptBuildPhase;
			buildActionMask = 2147483647;
			files = (
			);
			inputFileListPaths = (
			);
			inputPaths = (
				"${PODS_PODFILE_DIR_PATH}/Podfile.lock",
				"${PODS_ROOT}/Manifest.lock",
			);
			name = "[CP] Check Pods Manifest.lock";
			outputFileListPaths = (
			);
			outputPaths = (
				"$(DERIVED_FILE_DIR)/Pods-Flix-checkManifestLockResult.txt",
			);
			runOnlyForDeploymentPostprocessing = 0;
			shellPath = /bin/sh;
			shellScript = "diff \"${PODS_PODFILE_DIR_PATH}/Podfile.lock\" \"${PODS_ROOT}/Manifest.lock\" > /dev/null\nif [ $? != 0 ] ; then\n    # print error to STDERR\n    echo \"error: The sandbox is not in sync with the Podfile.lock. Run 'pod install' or update your CocoaPods installation.\" >&2\n    exit 1\nfi\n# This output is used by Xcode 'outputs' to avoid re-running this script phase.\necho \"SUCCESS\" > \"${SCRIPT_OUTPUT_FILE_0}\"\n";
			showEnvVarsInLog = 0;
		};
		CFE4B6DA6D2887303B603B25 /* [CP] Embed Pods Frameworks */ = {
			isa = PBXShellScriptBuildPhase;
			buildActionMask = 2147483647;
			files = (
			);
			inputFileListPaths = (
			);
			inputPaths = (
				"${SRCROOT}/Pods/Target Support Files/Pods-Flix/Pods-Flix-frameworks.sh",
				"${BUILT_PRODUCTS_DIR}/Alamofire/Alamofire.framework",
				"${BUILT_PRODUCTS_DIR}/AlamofireImage/AlamofireImage.framework",
			);
			name = "[CP] Embed Pods Frameworks";
			outputFileListPaths = (
			);
			outputPaths = (
				"${TARGET_BUILD_DIR}/${FRAMEWORKS_FOLDER_PATH}/Alamofire.framework",
				"${TARGET_BUILD_DIR}/${FRAMEWORKS_FOLDER_PATH}/AlamofireImage.framework",
			);
			runOnlyForDeploymentPostprocessing = 0;
			shellPath = /bin/sh;
			shellScript = "\"${SRCROOT}/Pods/Target Support Files/Pods-Flix/Pods-Flix-frameworks.sh\"\n";
			showEnvVarsInLog = 0;
		};
		E977DCE5821CC630A4EEE910 /* [CP] Check Pods Manifest.lock */ = {
			isa = PBXShellScriptBuildPhase;
			buildActionMask = 2147483647;
			files = (
			);
			inputFileListPaths = (
			);
			inputPaths = (
				"${PODS_PODFILE_DIR_PATH}/Podfile.lock",
				"${PODS_ROOT}/Manifest.lock",
			);
			name = "[CP] Check Pods Manifest.lock";
			outputFileListPaths = (
			);
			outputPaths = (
				"$(DERIVED_FILE_DIR)/Pods-FlixUITests-checkManifestLockResult.txt",
			);
			runOnlyForDeploymentPostprocessing = 0;
			shellPath = /bin/sh;
			shellScript = "diff \"${PODS_PODFILE_DIR_PATH}/Podfile.lock\" \"${PODS_ROOT}/Manifest.lock\" > /dev/null\nif [ $? != 0 ] ; then\n    # print error to STDERR\n    echo \"error: The sandbox is not in sync with the Podfile.lock. Run 'pod install' or update your CocoaPods installation.\" >&2\n    exit 1\nfi\n# This output is used by Xcode 'outputs' to avoid re-running this script phase.\necho \"SUCCESS\" > \"${SCRIPT_OUTPUT_FILE_0}\"\n";
			showEnvVarsInLog = 0;
		};
/* End PBXShellScriptBuildPhase section */

/* Begin PBXSourcesBuildPhase section */
		2285D1A621FFC957005E7AED /* Sources */ = {
			isa = PBXSourcesBuildPhase;
			buildActionMask = 2147483647;
			files = (
				22C50903221A4086005D6931 /* MovieGridViewController.swift in Sources */,
				2209F1A422123F4700A9BFC7 /* MovieDetailsViewController.swift in Sources */,
				2285D1AE21FFC957005E7AED /* AppDelegate.swift in Sources */,
				22A1987C21FFCE8600F28C60 /* MoviesViewController.swift in Sources */,
				22C50905221A458B005D6931 /* MovieGridCell.swift in Sources */,
				22C4AD6E2201057D00109076 /* MovieCell.swift in Sources */,
			);
			runOnlyForDeploymentPostprocessing = 0;
		};
		2285D1BA21FFC95A005E7AED /* Sources */ = {
			isa = PBXSourcesBuildPhase;
			buildActionMask = 2147483647;
			files = (
				2285D1C321FFC95A005E7AED /* FlixTests.swift in Sources */,
			);
			runOnlyForDeploymentPostprocessing = 0;
		};
		2285D1C521FFC95A005E7AED /* Sources */ = {
			isa = PBXSourcesBuildPhase;
			buildActionMask = 2147483647;
			files = (
				2285D1CE21FFC95A005E7AED /* FlixUITests.swift in Sources */,
			);
			runOnlyForDeploymentPostprocessing = 0;
		};
/* End PBXSourcesBuildPhase section */

/* Begin PBXTargetDependency section */
		2285D1C021FFC95A005E7AED /* PBXTargetDependency */ = {
			isa = PBXTargetDependency;
			target = 2285D1A921FFC957005E7AED /* Flix */;
			targetProxy = 2285D1BF21FFC95A005E7AED /* PBXContainerItemProxy */;
		};
		2285D1CB21FFC95A005E7AED /* PBXTargetDependency */ = {
			isa = PBXTargetDependency;
			target = 2285D1A921FFC957005E7AED /* Flix */;
			targetProxy = 2285D1CA21FFC95A005E7AED /* PBXContainerItemProxy */;
		};
/* End PBXTargetDependency section */

/* Begin PBXVariantGroup section */
		2285D1B121FFC957005E7AED /* Main.storyboard */ = {
			isa = PBXVariantGroup;
			children = (
				2285D1B221FFC957005E7AED /* Base */,
			);
			name = Main.storyboard;
			sourceTree = "<group>";
		};
		2285D1B621FFC95A005E7AED /* LaunchScreen.storyboard */ = {
			isa = PBXVariantGroup;
			children = (
				2285D1B721FFC95A005E7AED /* Base */,
			);
			name = LaunchScreen.storyboard;
			sourceTree = "<group>";
		};
/* End PBXVariantGroup section */

/* Begin XCBuildConfiguration section */
		2285D1D021FFC95A005E7AED /* Debug */ = {
			isa = XCBuildConfiguration;
			buildSettings = {
				ALWAYS_SEARCH_USER_PATHS = NO;
				CLANG_ANALYZER_NONNULL = YES;
				CLANG_ANALYZER_NUMBER_OBJECT_CONVERSION = YES_AGGRESSIVE;
				CLANG_CXX_LANGUAGE_STANDARD = "gnu++14";
				CLANG_CXX_LIBRARY = "libc++";
				CLANG_ENABLE_MODULES = YES;
				CLANG_ENABLE_OBJC_ARC = YES;
				CLANG_ENABLE_OBJC_WEAK = YES;
				CLANG_WARN_BLOCK_CAPTURE_AUTORELEASING = YES;
				CLANG_WARN_BOOL_CONVERSION = YES;
				CLANG_WARN_COMMA = YES;
				CLANG_WARN_CONSTANT_CONVERSION = YES;
				CLANG_WARN_DEPRECATED_OBJC_IMPLEMENTATIONS = YES;
				CLANG_WARN_DIRECT_OBJC_ISA_USAGE = YES_ERROR;
				CLANG_WARN_DOCUMENTATION_COMMENTS = YES;
				CLANG_WARN_EMPTY_BODY = YES;
				CLANG_WARN_ENUM_CONVERSION = YES;
				CLANG_WARN_INFINITE_RECURSION = YES;
				CLANG_WARN_INT_CONVERSION = YES;
				CLANG_WARN_NON_LITERAL_NULL_CONVERSION = YES;
				CLANG_WARN_OBJC_IMPLICIT_RETAIN_SELF = YES;
				CLANG_WARN_OBJC_LITERAL_CONVERSION = YES;
				CLANG_WARN_OBJC_ROOT_CLASS = YES_ERROR;
				CLANG_WARN_RANGE_LOOP_ANALYSIS = YES;
				CLANG_WARN_STRICT_PROTOTYPES = YES;
				CLANG_WARN_SUSPICIOUS_MOVE = YES;
				CLANG_WARN_UNGUARDED_AVAILABILITY = YES_AGGRESSIVE;
				CLANG_WARN_UNREACHABLE_CODE = YES;
				CLANG_WARN__DUPLICATE_METHOD_MATCH = YES;
				CODE_SIGN_IDENTITY = "iPhone Developer";
				COPY_PHASE_STRIP = NO;
				DEBUG_INFORMATION_FORMAT = dwarf;
				ENABLE_STRICT_OBJC_MSGSEND = YES;
				ENABLE_TESTABILITY = YES;
				GCC_C_LANGUAGE_STANDARD = gnu11;
				GCC_DYNAMIC_NO_PIC = NO;
				GCC_NO_COMMON_BLOCKS = YES;
				GCC_OPTIMIZATION_LEVEL = 0;
				GCC_PREPROCESSOR_DEFINITIONS = (
					"DEBUG=1",
					"$(inherited)",
				);
				GCC_WARN_64_TO_32_BIT_CONVERSION = YES;
				GCC_WARN_ABOUT_RETURN_TYPE = YES_ERROR;
				GCC_WARN_UNDECLARED_SELECTOR = YES;
				GCC_WARN_UNINITIALIZED_AUTOS = YES_AGGRESSIVE;
				GCC_WARN_UNUSED_FUNCTION = YES;
				GCC_WARN_UNUSED_VARIABLE = YES;
				IPHONEOS_DEPLOYMENT_TARGET = 12.1;
				MTL_ENABLE_DEBUG_INFO = INCLUDE_SOURCE;
				MTL_FAST_MATH = YES;
				ONLY_ACTIVE_ARCH = YES;
				SDKROOT = iphoneos;
				SWIFT_ACTIVE_COMPILATION_CONDITIONS = DEBUG;
				SWIFT_OPTIMIZATION_LEVEL = "-Onone";
			};
			name = Debug;
		};
		2285D1D121FFC95A005E7AED /* Release */ = {
			isa = XCBuildConfiguration;
			buildSettings = {
				ALWAYS_SEARCH_USER_PATHS = NO;
				CLANG_ANALYZER_NONNULL = YES;
				CLANG_ANALYZER_NUMBER_OBJECT_CONVERSION = YES_AGGRESSIVE;
				CLANG_CXX_LANGUAGE_STANDARD = "gnu++14";
				CLANG_CXX_LIBRARY = "libc++";
				CLANG_ENABLE_MODULES = YES;
				CLANG_ENABLE_OBJC_ARC = YES;
				CLANG_ENABLE_OBJC_WEAK = YES;
				CLANG_WARN_BLOCK_CAPTURE_AUTORELEASING = YES;
				CLANG_WARN_BOOL_CONVERSION = YES;
				CLANG_WARN_COMMA = YES;
				CLANG_WARN_CONSTANT_CONVERSION = YES;
				CLANG_WARN_DEPRECATED_OBJC_IMPLEMENTATIONS = YES;
				CLANG_WARN_DIRECT_OBJC_ISA_USAGE = YES_ERROR;
				CLANG_WARN_DOCUMENTATION_COMMENTS = YES;
				CLANG_WARN_EMPTY_BODY = YES;
				CLANG_WARN_ENUM_CONVERSION = YES;
				CLANG_WARN_INFINITE_RECURSION = YES;
				CLANG_WARN_INT_CONVERSION = YES;
				CLANG_WARN_NON_LITERAL_NULL_CONVERSION = YES;
				CLANG_WARN_OBJC_IMPLICIT_RETAIN_SELF = YES;
				CLANG_WARN_OBJC_LITERAL_CONVERSION = YES;
				CLANG_WARN_OBJC_ROOT_CLASS = YES_ERROR;
				CLANG_WARN_RANGE_LOOP_ANALYSIS = YES;
				CLANG_WARN_STRICT_PROTOTYPES = YES;
				CLANG_WARN_SUSPICIOUS_MOVE = YES;
				CLANG_WARN_UNGUARDED_AVAILABILITY = YES_AGGRESSIVE;
				CLANG_WARN_UNREACHABLE_CODE = YES;
				CLANG_WARN__DUPLICATE_METHOD_MATCH = YES;
				CODE_SIGN_IDENTITY = "iPhone Developer";
				COPY_PHASE_STRIP = NO;
				DEBUG_INFORMATION_FORMAT = "dwarf-with-dsym";
				ENABLE_NS_ASSERTIONS = NO;
				ENABLE_STRICT_OBJC_MSGSEND = YES;
				GCC_C_LANGUAGE_STANDARD = gnu11;
				GCC_NO_COMMON_BLOCKS = YES;
				GCC_WARN_64_TO_32_BIT_CONVERSION = YES;
				GCC_WARN_ABOUT_RETURN_TYPE = YES_ERROR;
				GCC_WARN_UNDECLARED_SELECTOR = YES;
				GCC_WARN_UNINITIALIZED_AUTOS = YES_AGGRESSIVE;
				GCC_WARN_UNUSED_FUNCTION = YES;
				GCC_WARN_UNUSED_VARIABLE = YES;
				IPHONEOS_DEPLOYMENT_TARGET = 12.1;
				MTL_ENABLE_DEBUG_INFO = NO;
				MTL_FAST_MATH = YES;
				SDKROOT = iphoneos;
				SWIFT_COMPILATION_MODE = wholemodule;
				SWIFT_OPTIMIZATION_LEVEL = "-O";
				VALIDATE_PRODUCT = YES;
			};
			name = Release;
		};
		2285D1D321FFC95A005E7AED /* Debug */ = {
			isa = XCBuildConfiguration;
			baseConfigurationReference = F604C8C9DE660B0045B8776F /* Pods-Flix.debug.xcconfig */;
			buildSettings = {
				ASSETCATALOG_COMPILER_APPICON_NAME = AppIcon;
				CODE_SIGN_STYLE = Automatic;
				DEVELOPMENT_TEAM = 98YV92YTMW;
				INFOPLIST_FILE = Flix/Info.plist;
				LD_RUNPATH_SEARCH_PATHS = (
					"$(inherited)",
					"@executable_path/Frameworks",
				);
				PRODUCT_BUNDLE_IDENTIFIER = com.codepath.Flix;
				PRODUCT_NAME = "$(TARGET_NAME)";
				SWIFT_VERSION = 4.2;
				TARGETED_DEVICE_FAMILY = "1,2";
			};
			name = Debug;
		};
		2285D1D421FFC95A005E7AED /* Release */ = {
			isa = XCBuildConfiguration;
			baseConfigurationReference = 5F34F730B4B3B675CD2CC07A /* Pods-Flix.release.xcconfig */;
			buildSettings = {
				ASSETCATALOG_COMPILER_APPICON_NAME = AppIcon;
				CODE_SIGN_STYLE = Automatic;
				DEVELOPMENT_TEAM = 98YV92YTMW;
				INFOPLIST_FILE = Flix/Info.plist;
				LD_RUNPATH_SEARCH_PATHS = (
					"$(inherited)",
					"@executable_path/Frameworks",
				);
				PRODUCT_BUNDLE_IDENTIFIER = com.codepath.Flix;
				PRODUCT_NAME = "$(TARGET_NAME)";
				SWIFT_VERSION = 4.2;
				TARGETED_DEVICE_FAMILY = "1,2";
			};
			name = Release;
		};
		2285D1D621FFC95A005E7AED /* Debug */ = {
			isa = XCBuildConfiguration;
			baseConfigurationReference = 5BC902EEDE66C82833E6C0B1 /* Pods-FlixTests.debug.xcconfig */;
			buildSettings = {
				ALWAYS_EMBED_SWIFT_STANDARD_LIBRARIES = YES;
				BUNDLE_LOADER = "$(TEST_HOST)";
				CODE_SIGN_STYLE = Automatic;
				DEVELOPMENT_TEAM = 98YV92YTMW;
				INFOPLIST_FILE = FlixTests/Info.plist;
				LD_RUNPATH_SEARCH_PATHS = (
					"$(inherited)",
					"@executable_path/Frameworks",
					"@loader_path/Frameworks",
				);
				PRODUCT_BUNDLE_IDENTIFIER = com.codepath.FlixTests;
				PRODUCT_NAME = "$(TARGET_NAME)";
				SWIFT_VERSION = 4.2;
				TARGETED_DEVICE_FAMILY = "1,2";
				TEST_HOST = "$(BUILT_PRODUCTS_DIR)/Flix.app/Flix";
			};
			name = Debug;
		};
		2285D1D721FFC95A005E7AED /* Release */ = {
			isa = XCBuildConfiguration;
			baseConfigurationReference = C3A99C94D4D1D855325FCE9E /* Pods-FlixTests.release.xcconfig */;
			buildSettings = {
				ALWAYS_EMBED_SWIFT_STANDARD_LIBRARIES = YES;
				BUNDLE_LOADER = "$(TEST_HOST)";
				CODE_SIGN_STYLE = Automatic;
				DEVELOPMENT_TEAM = 98YV92YTMW;
				INFOPLIST_FILE = FlixTests/Info.plist;
				LD_RUNPATH_SEARCH_PATHS = (
					"$(inherited)",
					"@executable_path/Frameworks",
					"@loader_path/Frameworks",
				);
				PRODUCT_BUNDLE_IDENTIFIER = com.codepath.FlixTests;
				PRODUCT_NAME = "$(TARGET_NAME)";
				SWIFT_VERSION = 4.2;
				TARGETED_DEVICE_FAMILY = "1,2";
				TEST_HOST = "$(BUILT_PRODUCTS_DIR)/Flix.app/Flix";
			};
			name = Release;
		};
		2285D1D921FFC95A005E7AED /* Debug */ = {
			isa = XCBuildConfiguration;
			baseConfigurationReference = 640BE5888E8AC5243D88A84D /* Pods-FlixUITests.debug.xcconfig */;
			buildSettings = {
				ALWAYS_EMBED_SWIFT_STANDARD_LIBRARIES = YES;
				CODE_SIGN_STYLE = Automatic;
				DEVELOPMENT_TEAM = 98YV92YTMW;
				INFOPLIST_FILE = FlixUITests/Info.plist;
				LD_RUNPATH_SEARCH_PATHS = (
					"$(inherited)",
					"@executable_path/Frameworks",
					"@loader_path/Frameworks",
				);
				PRODUCT_BUNDLE_IDENTIFIER = com.codepath.FlixUITests;
				PRODUCT_NAME = "$(TARGET_NAME)";
				SWIFT_VERSION = 4.2;
				TARGETED_DEVICE_FAMILY = "1,2";
				TEST_TARGET_NAME = Flix;
			};
			name = Debug;
		};
		2285D1DA21FFC95A005E7AED /* Release */ = {
			isa = XCBuildConfiguration;
			baseConfigurationReference = 38F2CE47115294817C5EAD63 /* Pods-FlixUITests.release.xcconfig */;
			buildSettings = {
				ALWAYS_EMBED_SWIFT_STANDARD_LIBRARIES = YES;
				CODE_SIGN_STYLE = Automatic;
				DEVELOPMENT_TEAM = 98YV92YTMW;
				INFOPLIST_FILE = FlixUITests/Info.plist;
				LD_RUNPATH_SEARCH_PATHS = (
					"$(inherited)",
					"@executable_path/Frameworks",
					"@loader_path/Frameworks",
				);
				PRODUCT_BUNDLE_IDENTIFIER = com.codepath.FlixUITests;
				PRODUCT_NAME = "$(TARGET_NAME)";
				SWIFT_VERSION = 4.2;
				TARGETED_DEVICE_FAMILY = "1,2";
				TEST_TARGET_NAME = Flix;
			};
			name = Release;
		};
/* End XCBuildConfiguration section */

/* Begin XCConfigurationList section */
		2285D1A521FFC957005E7AED /* Build configuration list for PBXProject "Flix" */ = {
			isa = XCConfigurationList;
			buildConfigurations = (
				2285D1D021FFC95A005E7AED /* Debug */,
				2285D1D121FFC95A005E7AED /* Release */,
			);
			defaultConfigurationIsVisible = 0;
			defaultConfigurationName = Release;
		};
		2285D1D221FFC95A005E7AED /* Build configuration list for PBXNativeTarget "Flix" */ = {
			isa = XCConfigurationList;
			buildConfigurations = (
				2285D1D321FFC95A005E7AED /* Debug */,
				2285D1D421FFC95A005E7AED /* Release */,
			);
			defaultConfigurationIsVisible = 0;
			defaultConfigurationName = Release;
		};
		2285D1D521FFC95A005E7AED /* Build configuration list for PBXNativeTarget "FlixTests" */ = {
			isa = XCConfigurationList;
			buildConfigurations = (
				2285D1D621FFC95A005E7AED /* Debug */,
				2285D1D721FFC95A005E7AED /* Release */,
			);
			defaultConfigurationIsVisible = 0;
			defaultConfigurationName = Release;
		};
		2285D1D821FFC95A005E7AED /* Build configuration list for PBXNativeTarget "FlixUITests" */ = {
			isa = XCConfigurationList;
			buildConfigurations = (
				2285D1D921FFC95A005E7AED /* Debug */,
				2285D1DA21FFC95A005E7AED /* Release */,
			);
			defaultConfigurationIsVisible = 0;
			defaultConfigurationName = Release;
		};
/* End XCConfigurationList section */
	};
	rootObject = 2285D1A221FFC957005E7AED /* Project object */;
}
